
Microsoft Visual Studio Solution File, Format Version 12.00
# Visual Studio Version 17
VisualStudioVersion = 17.10.35013.160
MinimumVisualStudioVersion = 10.0.40219.1
Project("{9A19103F-16F7-4668-BE54-9A1E7A4F7556}") = "MovieApp", "MovieApp\MovieApp.csproj", "{306D35C1-A390-4785-AEE9-D21037665C07}"
EndProject
Project("{9A19103F-16F7-4668-BE54-9A1E7A4F7556}") = "MovieApp.Tests", "MovieApp.Tests\MovieApp.Tests.csproj", "{5EE4241C-EC23-4BC5-B98A-0527548913AF}"
EndProject
Global
	GlobalSection(SolutionConfigurationPlatforms) = preSolution
		Debug|Any CPU = Debug|Any CPU
		Release|Any CPU = Release|Any CPU
	EndGlobalSection
	GlobalSection(ProjectConfigurationPlatforms) = postSolution
		{306D35C1-A390-4785-AEE9-D21037665C07}.Debug|Any CPU.ActiveCfg = Debug|Any CPU
		{306D35C1-A390-4785-AEE9-D21037665C07}.Debug|Any CPU.Build.0 = Debug|Any CPU
		{306D35C1-A390-4785-AEE9-D21037665C07}.Release|Any CPU.ActiveCfg = Release|Any CPU
		{306D35C1-A390-4785-AEE9-D21037665C07}.Release|Any CPU.Build.0 = Release|Any CPU
		{5EE4241C-EC23-4BC5-B98A-0527548913AF}.Debug|Any CPU.ActiveCfg = Debug|Any CPU
		{5EE4241C-EC23-4BC5-B98A-0527548913AF}.Debug|Any CPU.Build.0 = Debug|Any CPU
		{5EE4241C-EC23-4BC5-B98A-0527548913AF}.Release|Any CPU.ActiveCfg = Release|Any CPU
		{5EE4241C-EC23-4BC5-B98A-0527548913AF}.Release|Any CPU.Build.0 = Release|Any CPU
	EndGlobalSection
	GlobalSection(SolutionProperties) = preSolution
		HideSolutionNode = FALSE
	EndGlobalSection
	GlobalSection(ExtensibilityGlobals) = postSolution
		SolutionGuid = {DB87B7A7-9FD6-4A10-9BBC-11C5375A9BD2}
	EndGlobalSection
EndGlobal
